
Microsoft Visual Studio Solution File, Format Version 12.00
# Visual Studio Version 17
VisualStudioVersion = 17.5.33424.131
MinimumVisualStudioVersion = 10.0.40219.1
Project("{8BC9CEB8-8B4A-11D0-8D11-00A0C91BC942}") = "6장", "6장\6장.vcxproj", "{0DA7B945-91A4-4C5D-ADE4-BF7F929826D8}"
EndProject
Global
	GlobalSection(SolutionConfigurationPlatforms) = preSolution
		Debug|x64 = Debug|x64
		Debug|x86 = Debug|x86
		Release|x64 = Release|x64
		Release|x86 = Release|x86
	EndGlobalSection
	GlobalSection(ProjectConfigurationPlatforms) = postSolution
		{0DA7B945-91A4-4C5D-ADE4-BF7F929826D8}.Debug|x64.ActiveCfg = Debug|x64
		{0DA7B945-91A4-4C5D-ADE4-BF7F929826D8}.Debug|x64.Build.0 = Debug|x64
		{0DA7B945-91A4-4C5D-ADE4-BF7F929826D8}.Debug|x86.ActiveCfg = Debug|Win32
		{0DA7B945-91A4-4C5D-ADE4-BF7F929826D8}.Debug|x86.Build.0 = Debug|Win32
		{0DA7B945-91A4-4C5D-ADE4-BF7F929826D8}.Release|x64.ActiveCfg = Release|x64
		{0DA7B945-91A4-4C5D-ADE4-BF7F929826D8}.Release|x64.Build.0 = Release|x64
		{0DA7B945-91A4-4C5D-ADE4-BF7F929826D8}.Release|x86.ActiveCfg = Release|Win32
		{0DA7B945-91A4-4C5D-ADE4-BF7F929826D8}.Release|x86.Build.0 = Release|Win32
	EndGlobalSection
	GlobalSection(SolutionProperties) = preSolution
		HideSolutionNode = FALSE
	EndGlobalSection
	GlobalSection(ExtensibilityGlobals) = postSolution
		SolutionGuid = {D1ED937F-A72A-458B-85A9-059BAD116A4F}
	EndGlobalSection
EndGlobal
